<Solution>
  <Folder Name="/Providers/">
    <Project Path="IntegrationService.Providers.Hepsiburada/IntegrationService.Providers.Hepsiburada.csproj" />
    <Project Path="IntegrationService.Providers.N11/IntegrationService.Providers.N11.csproj" />
    <Project Path="IntegrationService.Providers.Trendyol/IntegrationService.Providers.Trendyol.csproj" />
  </Folder>
  <Project Path="IntegrationService.Api/IntegrationService.Api.csproj" />
  <Project Path="IntegrationService.Core/IntegrationService.Core.csproj" />
</Solution>
